
Microsoft Visual Studio Solution File, Format Version 12.00
# Visual Studio Version 16
VisualStudioVersion = 16.0.33130.400
MinimumVisualStudioVersion = 10.0.40219.1
Project("{FAE04EC0-301F-11D3-BF4B-00C04F79EFBC}") = "Mission2pt2", "Mission2pt2\Mission2pt2.csproj", "{DB50CC8B-FE61-4EE1-8AE0-0F88059EF296}"
EndProject
Global
	GlobalSection(SolutionConfigurationPlatforms) = preSolution
		Debug|Any CPU = Debug|Any CPU
		Release|Any CPU = Release|Any CPU
	EndGlobalSection
	GlobalSection(ProjectConfigurationPlatforms) = postSolution
		{DB50CC8B-FE61-4EE1-8AE0-0F88059EF296}.Debug|Any CPU.ActiveCfg = Debug|Any CPU
		{DB50CC8B-FE61-4EE1-8AE0-0F88059EF296}.Debug|Any CPU.Build.0 = Debug|Any CPU
		{DB50CC8B-FE61-4EE1-8AE0-0F88059EF296}.Release|Any CPU.ActiveCfg = Release|Any CPU
		{DB50CC8B-FE61-4EE1-8AE0-0F88059EF296}.Release|Any CPU.Build.0 = Release|Any CPU
	EndGlobalSection
	GlobalSection(SolutionProperties) = preSolution
		HideSolutionNode = FALSE
	EndGlobalSection
	GlobalSection(ExtensibilityGlobals) = postSolution
		SolutionGuid = {4A3BA703-9E8F-4B39-B13F-8248FD835259}
	EndGlobalSection
EndGlobal
